# This file is automatically @generated by Poetry 1.8.3 and should not be changed by hand.

[[package]]
name = "panda3d"
version = "1.10.16"
description = "Panda3D is a framework for 3D rendering and game development for Python and C++ programs."
optional = false
python-versions = "*"
files = [
    {file = "panda3d-1.10.16-cp27-cp27m-macosx_10_9_x86_64.whl", hash = "sha256:75f91ac28ddf56ca34854b00c665c7551a0c322f57080b15e27f1068781413e3"},
    {file = "panda3d-1.10.16-cp27-cp27m-win32.whl", hash = "sha256:26fdcf16083623fdb4a4ec98d4f7fff2e3ec6e8626c49025c4fc4f9462425d8f"},
    {file = "panda3d-1.10.16-cp27-cp27m-win_amd64.whl", hash = "sha256:1f7fb990a10c72ee394147b6c59825308330ac589e89dfe947dc0d2a35239fa2"},
    {file = "panda3d-1.10.16-cp27-cp27mu-manylinux1_i686.whl", hash = "sha256:98d76f9899e23e78e7655bf1a7f6bfcc325abaad1ee6c463aa54f9cb69247128"},
    {file = "panda3d-1.10.16-cp27-cp27mu-manylinux1_x86_64.whl", hash = "sha256:6e3f35193ecab4fdbfe0d958b12a1be3a69c14e77980923e9b98b5bf2f5abbbd"},
    {file = "panda3d-1.10.16-cp310-cp310-macosx_10_9_x86_64.whl", hash = "sha256:71e711d3ffd7ccf13926cfd8461d1439034565bef75a77827e3fd29f8dea42ec"},
    {file = "panda3d-1.10.16-cp310-cp310-macosx_11_0_universal2.whl", hash = "sha256:1beb74ea2b7825ffe52723a6419c00b72729784bd1365a7333a7b90d891aeac7"},
    {file = "panda3d-1.10.16-cp310-cp310-manylinux2010_i686.whl", hash = "sha256:be4268c920c3e855c6839e37eaf44381fd6f801c97c482ecd3a3fc2ad7232bac"},
    {file = "panda3d-1.10.16-cp310-cp310-manylinux2010_x86_64.whl", hash = "sha256:d6e74b29508f06bfb7f4adbf442b763c32e5db8a7006dab969dc89b6393a83e0"},
    {file = "panda3d-1.10.16-cp310-cp310-manylinux2014_aarch64.whl", hash = "sha256:d32ad24db765ae29aa134009552e45cefa594b9c237132a86ae9e9f361482bec"},
    {file = "panda3d-1.10.16-cp310-cp310-manylinux2014_x86_64.whl", hash = "sha256:1a549925e806702bfd43b32a3f06d0c98fcbb7841a1d870eda656ae3ccb8f10f"},
    {file = "panda3d-1.10.16-cp310-cp310-win32.whl", hash = "sha256:b2f9f88ec94f7d67e60b3c4c7d0d8fb18f8cbc207fa9475c721dfeec0863db5b"},
    {file = "panda3d-1.10.16-cp310-cp310-win_amd64.whl", hash = "sha256:3f5e084314a842875f9fbb2d6276c4bf80faa277592d90620a3b90717c4847e5"},
    {file = "panda3d-1.10.16-cp311-cp311-macosx_10_9_x86_64.whl", hash = "sha256:93439705d710226c57d6322f67fd5d8ad54bed1b30de52e32592963c02fe109b"},
    {file = "panda3d-1.10.16-cp311-cp311-macosx_11_0_universal2.whl", hash = "sha256:985cda212f7c69890267bd72b2175f4935a36b3785b18d904407678676221896"},
    {file = "panda3d-1.10.16-cp311-cp311-manylinux2014_aarch64.whl", hash = "sha256:71f9e0f7e5c82c350d7f389a284a6aab97a1cac647aa358dd0ff5e99c83b83fa"},
    {file = "panda3d-1.10.16-cp311-cp311-manylinux2014_x86_64.whl", hash = "sha256:8aa53ad6d83eaa750d84e8c1d84919c0f1167212208c836c15b998409cdb6a83"},
    {file = "panda3d-1.10.16-cp311-cp311-win32.whl", hash = "sha256:63a93dd393de1d8a3ab3520b02acc55803ee53efbf63b952bd45951f534b3f68"},
    {file = "panda3d-1.10.16-cp311-cp311-win_amd64.whl", hash = "sha256:37acfb92655c4226879f95c988e2ef1449a53c54486d6c1ebc00e2772429af82"},
    {file = "panda3d-1.10.16-cp312-cp312-macosx_10_9_x86_64.whl", hash = "sha256:b2a4b72c8d64505c3db1d25a37b9da7b267616fa3bf4bdcd8b3bf15040e961c7"},
    {file = "panda3d-1.10.16-cp312-cp312-macosx_11_0_universal2.whl", hash = "sha256:69ebff55f625161bd5d8589539345d1732095ec735af05c50583a49e0619f870"},
    {file = "panda3d-1.10.16-cp312-cp312-manylinux2014_aarch64.whl", hash = "sha256:383ad14bfe451505959a86bc18958853e21b6a6a25c896e04a44a14c1a412944"},
    {file = "panda3d-1.10.16-cp312-cp312-manylinux2014_x86_64.whl", hash = "sha256:7ab1a4d93897c03014d7749d173f5fcb2ac3a3cd747e2468247acd2022efd23c"},
    {file = "panda3d-1.10.16-cp312-cp312-win32.whl", hash = "sha256:540b4d9d7719dc10c60e0910e63af762e348ab128eca91eee8e8c291348c88ab"},
    {file = "panda3d-1.10.16-cp312-cp312-win_amd64.whl", hash = "sha256:f6493e2ecc0d1b7c1556a999556e5278cbc9484fe5fe1e159a1ccc02b870b18f"},
    {file = "panda3d-1.10.16-cp313-cp313-macosx_10_13_x86_64.whl", hash = "sha256:b85b0b2e0da93d622d40df83eb98d7859913f2c261842a760d988cac13a055c1"},
    {file = "panda3d-1.10.16-cp313-cp313-macosx_11_0_universal2.whl", hash = "sha256:69c934485f60b4f1340cd64de0b85aa9b98a7491a1d5cadae99555f8e194a414"},
    {file = "panda3d-1.10.16-cp313-cp313-manylinux2014_aarch64.whl", hash = "sha256:fb7ab84b72e977aa0846a103e0ee5138f5c9f2de48615291420bb47576e2b2b7"},
    {file = "panda3d-1.10.16-cp313-cp313-manylinux2014_x86_64.whl", hash = "sha256:2053a596014f21d5cce0fa93eaeb723a685f3c0231a63312c453aff1733ed061"},
    {file = "panda3d-1.10.16-cp313-cp313-win32.whl", hash = "sha256:d4456b2064f1f6b1b3579106608ec35234278da553b2df78eacec7431dccf045"},
    {file = "panda3d-1.10.16-cp313-cp313-win_amd64.whl", hash = "sha256:0e505261bb58d8402d0099c291f1a3459acfdd38f3e7d666e72aa2e1ea5dc46f"},
    {file = "panda3d-1.10.16-cp313-cp313t-macosx_10_13_x86_64.whl", hash = "sha256:33daac5ac15772c6633eacb62bb89ecb1926a5919689ee429b69b72f859e8a30"},
    {file = "panda3d-1.10.16-cp313-cp313t-macosx_11_0_universal2.whl", hash = "sha256:1ca68faf35cf7d5dca91053a4dbfd55ab3e75670c74ea2423d39fb684cdb6bee"},
    {file = "panda3d-1.10.16-cp313-cp313t-manylinux2014_aarch64.whl", hash = "sha256:9d16943a8e30d57587bd603f7549ff5619c85d41d4020ff0db44ccf00083be29"},
    {file = "panda3d-1.10.16-cp313-cp313t-manylinux2014_x86_64.whl", hash = "sha256:f39d6ec367ae1802b7f0576e1fd37e98887d7549c76f91872e01365ae23daa3c"},
    {file = "panda3d-1.10.16-cp313-cp313t-win32.whl", hash = "sha256:91325aea5dee239684cb1b0e87dfcfe50b55246aa3238239e6cfcab7abc2b374"},
    {file = "panda3d-1.10.16-cp313-cp313t-win_amd64.whl", hash = "sha256:0c74016a5128e64257e6b5c3e3d5620ea0b0a6193a2cc453feaac2b9ecdc00f7"},
    {file = "panda3d-1.10.16-cp314-cp314-macosx_11_0_universal2.whl", hash = "sha256:7c7405363cee90c669ca05f1ac78740f8b34d8cffaf5a6ab98205994a4f6f470"},
    {file = "panda3d-1.10.16-cp314-cp314-manylinux2014_aarch64.whl", hash = "sha256:35bacb8f879abe056ba300650d134326a5a3472c97b99d17b5b775bef4161f3d"},
    {file = "panda3d-1.10.16-cp314-cp314-manylinux2014_x86_64.whl", hash = "sha256:16cb0feb8b4d97d2e1a7620650b8c1f9b1e561eb738cb4b69646e773ea942693"},
    {file = "panda3d-1.10.16-cp314-cp314-win32.whl", hash = "sha256:e4f7e161a8fa3e0f52bb1822dc21053e3d3503ec9550a3a07bb2acda8491c97c"},
    {file = "panda3d-1.10.16-cp314-cp314-win_amd64.whl", hash = "sha256:0978ca7d2953d37ed3ed8d99abd1ee77bbfc75fe6ea47019d0f5f5dad830d853"},
    {file = "panda3d-1.10.16-cp314-cp314t-macosx_11_0_universal2.whl", hash = "sha256:b45c89a24b96302a1dd13bbf33b943ee4781711d6c7e75c920941c05f1c9d176"},
    {file = "panda3d-1.10.16-cp314-cp314t-manylinux2014_aarch64.whl", hash = "sha256:8476826dd35c633870fb30754bddbfd83572903181628a3bbe2cdbece602ec0e"},
    {file = "panda3d-1.10.16-cp314-cp314t-manylinux2014_x86_64.whl", hash = "sha256:90712b13bdcbec4222af8573d8f20f4ded3928368b8fe2110dc9bd42c3d59067"},
    {file = "panda3d-1.10.16-cp314-cp314t-win32.whl", hash = "sha256:89b38011329c6324a726752e0a4f9b85936afb1f0d777297eb526549600338f4"},
    {file = "panda3d-1.10.16-cp314-cp314t-win_amd64.whl", hash = "sha256:66485e7518a58a078167f3f1c1b87d969089259df0409ec8d7d6cb2a9e800e41"},
    {file = "panda3d-1.10.16-cp34-cp34m-manylinux1_i686.whl", hash = "sha256:a107f0b923117e74a3ed188d5ddb79d8bd27eb0526e505f255252725648f7769"},
    {file = "panda3d-1.10.16-cp34-cp34m-manylinux1_x86_64.whl", hash = "sha256:214910f604e63d3b74a716c308f993fc5fdb3db631d4eff2563240c230198c23"},
    {file = "panda3d-1.10.16-cp34-cp34m-win32.whl", hash = "sha256:b2e88146733833a75047bf75c64244f87c17c924ef321fa79cfe39f0d53a4e46"},
    {file = "panda3d-1.10.16-cp34-cp34m-win_amd64.whl", hash = "sha256:1fdf62355df6593c3d772b3e6ab55cd7e02c034d08778ccedcc3c792140818ef"},
    {file = "panda3d-1.10.16-cp35-cp35m-macosx_10_9_x86_64.whl", hash = "sha256:7208cd1306f83051f3f895519204f0ee0fc5a86c98ca87759e457174175cace0"},
    {file = "panda3d-1.10.16-cp35-cp35m-manylinux1_i686.whl", hash = "sha256:3306210ccce65d526beef8dbedcafca37d32f02f042cb2077646b4d188ed4855"},
    {file = "panda3d-1.10.16-cp35-cp35m-manylinux1_x86_64.whl", hash = "sha256:771d7c88ca5baec021f471e620b2f80a6a815cd9552db7a82f5903b626fc267d"},
    {file = "panda3d-1.10.16-cp35-cp35m-win32.whl", hash = "sha256:3714ff2472215af38c0de98be5d66202113851074c5f20914b21adb71f9d139d"},
    {file = "panda3d-1.10.16-cp35-cp35m-win_amd64.whl", hash = "sha256:fd11f0b8e4a606a6ed557ce3c9e82d3c164ade1a7117d05935e513bc27763fea"},
    {file = "panda3d-1.10.16-cp36-cp36m-macosx_10_9_x86_64.whl", hash = "sha256:794d02dcd74f2e2bdd88fcd7e0618227533291de69fd73c85656733866fb5b2b"},
    {file = "panda3d-1.10.16-cp36-cp36m-manylinux1_i686.whl", hash = "sha256:93bdfd67d9124ac345a5e6a7bd0eb5602957a867de78c2f40494457dd8ff4b6c"},
    {file = "panda3d-1.10.16-cp36-cp36m-manylinux1_x86_64.whl", hash = "sha256:f6c775617e3c377bfe5f0e3c5fc2ee2c4798bc9b45542a2ec15fe5aaa702d71a"},
    {file = "panda3d-1.10.16-cp36-cp36m-manylinux2010_i686.whl", hash = "sha256:9354cd1ec14f487fc5c1791c83c481c7f70727c6c0151885aad69a87cc064560"},
    {file = "panda3d-1.10.16-cp36-cp36m-manylinux2010_x86_64.whl", hash = "sha256:a7d11c183ac8cac6c88902b55b6074be0eafd6e3ca634b64d38479a36df00fdb"},
    {file = "panda3d-1.10.16-cp36-cp36m-win32.whl", hash = "sha256:c35f750a2620090dc3923d858b8a1fbfc20d78d4c49b23c4d9f0354a88499d6b"},
    {file = "panda3d-1.10.16-cp36-cp36m-win_amd64.whl", hash = "sha256:0489fecddd48318308f8b23511b935014f0062a551a840b4f1751d2cb74f2bd0"},
    {file = "panda3d-1.10.16-cp37-cp37m-macosx_10_9_x86_64.whl", hash = "sha256:470f1bc8643023fcb456dbee3e04d94783b7905e916f3a8f3ad3b3faf7931513"},
    {file = "panda3d-1.10.16-cp37-cp37m-manylinux1_i686.whl", hash = "sha256:d0ccc4fc3746aa4b45f9a7137356e82c51e7e0b42bb39702b650b1c8843a94cf"},
    {file = "panda3d-1.10.16-cp37-cp37m-manylinux1_x86_64.whl", hash = "sha256:72fb4a0e93dcdfad8ad501ee0bf97256412d1ae998c5cd9c369e610a6404063b"},
    {file = "panda3d-1.10.16-cp37-cp37m-manylinux2010_i686.whl", hash = "sha256:68435253db21de66cc9bbc8604eea036176c940ccdb38823b7434fb7ad933b68"},
    {file = "panda3d-1.10.16-cp37-cp37m-manylinux2010_x86_64.whl", hash = "sha256:f6c63660f451b9935c5c01e00e91d401822075e416d368d5c9f99aa442aca200"},
    {file = "panda3d-1.10.16-cp37-cp37m-win32.whl", hash = "sha256:89297f0be924bb473d1f947306a342eacefa839c2184d2817100c1ef84dd267f"},
    {file = "panda3d-1.10.16-cp37-cp37m-win_amd64.whl", hash = "sha256:a04d91d02e7d0140be4c5b73ad4cd063dc5e97b584447d11b2bf92c5172e010b"},
    {file = "panda3d-1.10.16-cp38-cp38-macosx_10_9_x86_64.whl", hash = "sha256:599a04f515bcaac18672416e8600b80e52059baf3b47faae42c431bdf85ff9e9"},
    {file = "panda3d-1.10.16-cp38-cp38-macosx_11_0_universal2.whl", hash = "sha256:0ce52cf0a1a6536ab66cae0757622b90b998a7fd109c26230ca8ef2e2dbf5c6d"},
    {file = "panda3d-1.10.16-cp38-cp38-manylinux1_i686.whl", hash = "sha256:5eace4d7647a203f2ce816904bd3f73a4ac401dc86561963cda6d33034ca58c2"},
    {file = "panda3d-1.10.16-cp38-cp38-manylinux1_x86_64.whl", hash = "sha256:0b87a784fad304c5005798bee59722d456041369430fcff8c9036ef8616e5841"},
    {file = "panda3d-1.10.16-cp38-cp38-manylinux2014_aarch64.whl", hash = "sha256:2536584fc0019d832f4448ce7ce9f6bbd10b85f4c04b5e3482ff4eff61c703cf"},
    {file = "panda3d-1.10.16-cp38-cp38-manylinux2014_x86_64.whl", hash = "sha256:d7eecc4c8a7364696e253df5d0a9e2932730ee84145d39072f3515e7e1081319"},
    {file = "panda3d-1.10.16-cp38-cp38-win32.whl", hash = "sha256:607e758c1f034462e500fe12763ce1c3ca59595cb17f324e793c1a5177c77053"},
    {file = "panda3d-1.10.16-cp38-cp38-win_amd64.whl", hash = "sha256:566cf8fd76ef019a4abd9aa7dc9f7b59fd233c7e47b9be5d27d69e93e6da53cf"},
    {file = "panda3d-1.10.16-cp39-cp39-macosx_10_9_x86_64.whl", hash = "sha256:44996f727c8462ea503bc75a9fe10d2087b8c942ff902ffbbd8a963440622f7b"},
    {file = "panda3d-1.10.16-cp39-cp39-macosx_11_0_universal2.whl", hash = "sha256:869b92b606a6037136be818449f91a5e16f07ea3c2484dbd09c7c4f6eb8d4136"},
    {file = "panda3d-1.10.16-cp39-cp39-manylinux1_i686.whl", hash = "sha256:53834e8d6c60c595c2a6215fce6ec3d5bd0ac3a35f3822fbd45a27cc6243aacb"},
    {file = "panda3d-1.10.16-cp39-cp39-manylinux1_x86_64.whl", hash = "sha256:5c5ec495c0e80b0fa73ceab84a452da689d66b190cd79159d71480c7e54d2afb"},
    {file = "panda3d-1.10.16-cp39-cp39-manylinux2014_aarch64.whl", hash = "sha256:bd25f920cae6cf117e3b22199d0101f605d35a89e7259207a678c86cb2311875"},
    {file = "panda3d-1.10.16-cp39-cp39-manylinux2014_x86_64.whl", hash = "sha256:f70a1a58c166f4fce85b1e9e3fbc8f04ac43d42f64231228cdbc29b8741144ed"},
    {file = "panda3d-1.10.16-cp39-cp39-win32.whl", hash = "sha256:cba1caeefee96b58125f9dc8c36ca165e937e9c387868fb8a5c8ca88c0e29241"},
    {file = "panda3d-1.10.16-cp39-cp39-win_amd64.whl", hash = "sha256:11e5f1cd734827ca7925eaab993aaa06c9ac3e0b4d933fd44a99f048803702a1"},
]

[[package]]
name = "pillow"
version = "12.1.1"
description = "Python Imaging Library (fork)"
optional = false
python-versions = ">=3.10"
files = [
    {file = "pillow-12.1.1-cp310-cp310-macosx_10_10_x86_64.whl", hash = "sha256:1f1625b72740fdda5d77b4def688eb8fd6490975d06b909fd19f13f391e077e0"},
    {file = "pillow-12.1.1-cp310-cp310-macosx_11_0_arm64.whl", hash = "sha256:178aa072084bd88ec759052feca8e56cbb14a60b39322b99a049e58090479713"},
    {file = "pillow-12.1.1-cp310-cp310-manylinux2014_aarch64.manylinux_2_17_aarch64.whl", hash = "sha256:b66e95d05ba806247aaa1561f080abc7975daf715c30780ff92a20e4ec546e1b"},
    {file = "pillow-12.1.1-cp310-cp310-manylinux2014_x86_64.manylinux_2_17_x86_64.whl", hash = "sha256:89c7e895002bbe49cdc5426150377cbbc04767d7547ed145473f496dfa40408b"},
    {file = "pillow-12.1.1-cp310-cp310-manylinux_2_27_aarch64.manylinux_2_28_aarch64.whl", hash = "sha256:3a5cbdcddad0af3da87cb16b60d23648bc3b51967eb07223e9fed77a82b457c4"},
    {file = "pillow-12.1.1-cp310-cp310-manylinux_2_27_x86_64.manylinux_2_28_x86_64.whl", hash = "sha256:9f51079765661884a486727f0729d29054242f74b46186026582b4e4769918e4"},
    {file = "pillow-12.1.1-cp310-cp310-musllinux_1_2_aarch64.whl", hash = "sha256:99c1506ea77c11531d75e3a412832a13a71c7ebc8192ab9e4b2e355555920e3e"},
    {file = "pillow-12.1.1-cp310-cp310-musllinux_1_2_x86_64.whl", hash = "sha256:36341d06738a9f66c8287cf8b876d24b18db9bd8740fa0672c74e259ad408cff"},
    {file = "pillow-12.1.1-cp310-cp310-win32.whl", hash = "sha256:6c52f062424c523d6c4db85518774cc3d50f5539dd6eed32b8f6229b26f24d40"},
    {file = "pillow-12.1.1-cp310-cp310-win_amd64.whl", hash = "sha256:c6008de247150668a705a6338156efb92334113421ceecf7438a12c9a12dab23"},
    {file = "pillow-12.1.1-cp310-cp310-win_arm64.whl", hash = "sha256:1a9b0ee305220b392e1124a764ee4265bd063e54a751a6b62eff69992f457fa9"},
    {file = "pillow-12.1.1-cp311-cp311-macosx_10_10_x86_64.whl", hash = "sha256:e879bb6cd5c73848ef3b2b48b8af9ff08c5b71ecda8048b7dd22d8a33f60be32"},
    {file = "pillow-12.1.1-cp311-cp311-macosx_11_0_arm64.whl", hash = "sha256:365b10bb9417dd4498c0e3b128018c4a624dc11c7b97d8cc54effe3b096f4c38"},
    {file = "pillow-12.1.1-cp311-cp311-manylinux2014_aarch64.manylinux_2_17_aarch64.whl", hash = "sha256:d4ce8e329c93845720cd2014659ca67eac35f6433fd3050393d85f3ecef0dad5"},
    {file = "pillow-12.1.1-cp311-cp311-manylinux2014_x86_64.manylinux_2_17_x86_64.whl", hash = "sha256:fc354a04072b765eccf2204f588a7a532c9511e8b9c7f900e1b64e3e33487090"},
    {file = "pillow-12.1.1-cp311-cp311-manylinux_2_27_aarch64.manylinux_2_28_aarch64.whl", hash = "sha256:7e7976bf1910a8116b523b9f9f58bf410f3e8aa330cd9a2bb2953f9266ab49af"},
    {file = "pillow-12.1.1-cp311-cp311-manylinux_2_27_x86_64.manylinux_2_28_x86_64.whl", hash = "sha256:597bd9c8419bc7c6af5604e55847789b69123bbe25d65cc6ad3012b4f3c98d8b"},
    {file = "pillow-12.1.1-cp311-cp311-musllinux_1_2_aarch64.whl", hash = "sha256:2c1fc0f2ca5f96a3c8407e41cca26a16e46b21060fe6d5b099d2cb01412222f5"},
    {file = "pillow-12.1.1-cp311-cp311-musllinux_1_2_x86_64.whl", hash = "sha256:578510d88c6229d735855e1f278aa305270438d36a05031dfaae5067cc8eb04d"},
    {file = "pillow-12.1.1-cp311-cp311-win32.whl", hash = "sha256:7311c0a0dcadb89b36b7025dfd8326ecfa36964e29913074d47382706e516a7c"},
    {file = "pillow-12.1.1-cp311-cp311-win_amd64.whl", hash = "sha256:fbfa2a7c10cc2623f412753cddf391c7f971c52ca40a3f65dc5039b2939e8563"},
    {file = "pillow-12.1.1-cp311-cp311-win_arm64.whl", hash = "sha256:b81b5e3511211631b3f672a595e3221252c90af017e399056d0faabb9538aa80"},
    {file = "pillow-12.1.1-cp312-cp312-macosx_10_13_x86_64.whl", hash = "sha256:ab323b787d6e18b3d91a72fc99b1a2c28651e4358749842b8f8dfacd28ef2052"},
    {file = "pillow-12.1.1-cp312-cp312-macosx_11_0_arm64.whl", hash = "sha256:adebb5bee0f0af4909c30db0d890c773d1a92ffe83da908e2e9e720f8edf3984"},
    {file = "pillow-12.1.1-cp312-cp312-manylinux2014_aarch64.manylinux_2_17_aarch64.whl", hash = "sha256:bb66b7cc26f50977108790e2456b7921e773f23db5630261102233eb355a3b79"},
    {file = "pillow-12.1.1-cp312-cp312-manylinux2014_x86_64.manylinux_2_17_x86_64.whl", hash = "sha256:aee2810642b2898bb187ced9b349e95d2a7272930796e022efaf12e99dccd293"},
    {file = "pillow-12.1.1-cp312-cp312-manylinux_2_27_aarch64.manylinux_2_28_aarch64.whl", hash = "sha256:a0b1cd6232e2b618adcc54d9882e4e662a089d5768cd188f7c245b4c8c44a397"},
    {file = "pillow-12.1.1-cp312-cp312-manylinux_2_27_x86_64.manylinux_2_28_x86_64.whl", hash = "sha256:7aac39bcf8d4770d089588a2e1dd111cbaa42df5a94be3114222057d68336bd0"},
    {file = "pillow-12.1.1-cp312-cp312-musllinux_1_2_aarch64.whl", hash = "sha256:ab174cd7d29a62dd139c44bf74b698039328f45cb03b4596c43473a46656b2f3"},
    {file = "pillow-12.1.1-cp312-cp312-musllinux_1_2_x86_64.whl", hash = "sha256:339ffdcb7cbeaa08221cd401d517d4b1fe7a9ed5d400e4a8039719238620ca35"},
    {file = "pillow-12.1.1-cp312-cp312-win32.whl", hash = "sha256:5d1f9575a12bed9e9eedd9a4972834b08c97a352bd17955ccdebfeca5913fa0a"},
    {file = "pillow-12.1.1-cp312-cp312-win_amd64.whl", hash = "sha256:21329ec8c96c6e979cd0dfd29406c40c1d52521a90544463057d2aaa937d66a6"},
    {file = "pillow-12.1.1-cp312-cp312-win_arm64.whl", hash = "sha256:af9a332e572978f0218686636610555ae3defd1633597be015ed50289a03c523"},
    {file = "pillow-12.1.1-cp313-cp313-ios_13_0_arm64_iphoneos.whl", hash = "sha256:d242e8ac078781f1de88bf823d70c1a9b3c7950a44cdf4b7c012e22ccbcd8e4e"},
    {file = "pillow-12.1.1-cp313-cp313-ios_13_0_arm64_iphonesimulator.whl", hash = "sha256:02f84dfad02693676692746df05b89cf25597560db2857363a208e393429f5e9"},
    {file = "pillow-12.1.1-cp313-cp313-ios_13_0_x86_64_iphonesimulator.whl", hash = "sha256:e65498daf4b583091ccbb2556c7000abf0f3349fcd57ef7adc9a84a394ed29f6"},
    {file = "pillow-12.1.1-cp313-cp313-macosx_10_13_x86_64.whl", hash = "sha256:6c6db3b84c87d48d0088943bf33440e0c42370b99b1c2a7989216f7b42eede60"},
    {file = "pillow-12.1.1-cp313-cp313-macosx_11_0_arm64.whl", hash = "sha256:8b7e5304e34942bf62e15184219a7b5ad4ff7f3bb5cca4d984f37df1a0e1aee2"},
    {file = "pillow-12.1.1-cp313-cp313-manylinux2014_aarch64.manylinux_2_17_aarch64.whl", hash = "sha256:18e5bddd742a44b7e6b1e773ab5db102bd7a94c32555ba656e76d319d19c3850"},
    {file = "pillow-12.1.1-cp313-cp313-manylinux2014_x86_64.manylinux_2_17_x86_64.whl", hash = "sha256:fc44ef1f3de4f45b50ccf9136999d71abb99dca7706bc75d222ed350b9fd2289"},
    {file = "pillow-12.1.1-cp313-cp313-manylinux_2_27_aarch64.manylinux_2_28_aarch64.whl", hash = "sha256:5a8eb7ed8d4198bccbd07058416eeec51686b498e784eda166395a23eb99138e"},
    {file = "pillow-12.1.1-cp313-cp313-manylinux_2_27_x86_64.manylinux_2_28_x86_64.whl", hash = "sha256:47b94983da0c642de92ced1702c5b6c292a84bd3a8e1d1702ff923f183594717"},
    {file = "pillow-12.1.1-cp313-cp313-musllinux_1_2_aarch64.whl", hash = "sha256:518a48c2aab7ce596d3bf79d0e275661b846e86e4d0e7dec34712c30fe07f02a"},
    {file = "pillow-12.1.1-cp313-cp313-musllinux_1_2_x86_64.whl", hash = "sha256:a550ae29b95c6dc13cf69e2c9dc5747f814c54eeb2e32d683e5e93af56caa029"},
    {file = "pillow-12.1.1-cp313-cp313-win32.whl", hash = "sha256:a003d7422449f6d1e3a34e3dd4110c22148336918ddbfc6a32581cd54b2e0b2b"},
    {file = "pillow-12.1.1-cp313-cp313-win_amd64.whl", hash = "sha256:344cf1e3dab3be4b1fa08e449323d98a2a3f819ad20f4b22e77a0ede31f0faa1"},
    {file = "pillow-12.1.1-cp313-cp313-win_arm64.whl", hash = "sha256:5c0dd1636633e7e6a0afe7bf6a51a14992b7f8e60de5789018ebbdfae55b040a"},
    {file = "pillow-12.1.1-cp313-cp313t-macosx_10_13_x86_64.whl", hash = "sha256:0330d233c1a0ead844fc097a7d16c0abff4c12e856c0b325f231820fee1f39da"},
    {file = "pillow-12.1.1-cp313-cp313t-macosx_11_0_arm64.whl", hash = "sha256:5dae5f21afb91322f2ff791895ddd8889e5e947ff59f71b46041c8ce6db790bc"},
    {file = "pillow-12.1.1-cp313-cp313t-manylinux2014_aarch64.manylinux_2_17_aarch64.whl", hash = "sha256:2e0c664be47252947d870ac0d327fea7e63985a08794758aa8af5b6cb6ec0c9c"},
    {file = "pillow-12.1.1-cp313-cp313t-manylinux2014_x86_64.manylinux_2_17_x86_64.whl", hash = "sha256:691ab2ac363b8217f7d31b3497108fb1f50faab2f75dfb03284ec2f217e87bf8"},
    {file = "pillow-12.1.1-cp313-cp313t-manylinux_2_27_aarch64.manylinux_2_28_aarch64.whl", hash = "sha256:e9e8064fb1cc019296958595f6db671fba95209e3ceb0c4734c9baf97de04b20"},
    {file = "pillow-12.1.1-cp313-cp313t-manylinux_2_27_x86_64.manylinux_2_28_x86_64.whl", hash = "sha256:472a8d7ded663e6162dafdf20015c486a7009483ca671cece7a9279b512fcb13"},
    {file = "pillow-12.1.1-cp313-cp313t-musllinux_1_2_aarch64.whl", hash = "sha256:89b54027a766529136a06cfebeecb3a04900397a3590fd252160b888479517bf"},
    {file = "pillow-12.1.1-cp313-cp313t-musllinux_1_2_x86_64.whl", hash = "sha256:86172b0831b82ce4f7877f280055892b31179e1576aa00d0df3bb1bbf8c3e524"},
    {file = "pillow-12.1.1-cp313-cp313t-win32.whl", hash = "sha256:44ce27545b6efcf0fdbdceb31c9a5bdea9333e664cda58a7e674bb74608b3986"},
    {file = "pillow-12.1.1-cp313-cp313t-win_amd64.whl", hash = "sha256:a285e3eb7a5a45a2ff504e31f4a8d1b12ef62e84e5411c6804a42197c1cf586c"},
    {file = "pillow-12.1.1-cp313-cp313t-win_arm64.whl", hash = "sha256:cc7d296b5ea4d29e6570dabeaed58d31c3fea35a633a69679fb03d7664f43fb3"},
    {file = "pillow-12.1.1-cp314-cp314-ios_13_0_arm64_iphoneos.whl", hash = "sha256:417423db963cb4be8bac3fc1204fe61610f6abeed1580a7a2cbb2fbda20f12af"},
    {file = "pillow-12.1.1-cp314-cp314-ios_13_0_arm64_iphonesimulator.whl", hash = "sha256:b957b71c6b2387610f556a7eb0828afbe40b4a98036fc0d2acfa5a44a0c2036f"},
    {file = "pillow-12.1.1-cp314-cp314-ios_13_0_x86_64_iphonesimulator.whl", hash = "sha256:097690ba1f2efdeb165a20469d59d8bb03c55fb6621eb2041a060ae8ea3e9642"},
    {file = "pillow-12.1.1-cp314-cp314-macosx_10_15_x86_64.whl", hash = "sha256:2815a87ab27848db0321fb78c7f0b2c8649dee134b7f2b80c6a45c6831d75ccd"},
    {file = "pillow-12.1.1-cp314-cp314-macosx_11_0_arm64.whl", hash = "sha256:f7ed2c6543bad5a7d5530eb9e78c53132f93dfa44a28492db88b41cdab885202"},
    {file = "pillow-12.1.1-cp314-cp314-manylinux2014_aarch64.manylinux_2_17_aarch64.whl", hash = "sha256:652a2c9ccfb556235b2b501a3a7cf3742148cd22e04b5625c5fe057ea3e3191f"},
    {file = "pillow-12.1.1-cp314-cp314-manylinux2014_x86_64.manylinux_2_17_x86_64.whl", hash = "sha256:d6e4571eedf43af33d0fc233a382a76e849badbccdf1ac438841308652a08e1f"},
    {file = "pillow-12.1.1-cp314-cp314-manylinux_2_27_aarch64.manylinux_2_28_aarch64.whl", hash = "sha256:b574c51cf7d5d62e9be37ba446224b59a2da26dc4c1bb2ecbe936a4fb1a7cb7f"},
    {file = "pillow-12.1.1-cp314-cp314-manylinux_2_27_x86_64.manylinux_2_28_x86_64.whl", hash = "sha256:a37691702ed687799de29a518d63d4682d9016932db66d4e90c345831b02fb4e"},
    {file = "pillow-12.1.1-cp314-cp314-musllinux_1_2_aarch64.whl", hash = "sha256:f95c00d5d6700b2b890479664a06e754974848afaae5e21beb4d83c106923fd0"},
    {file = "pillow-12.1.1-cp314-cp314-musllinux_1_2_x86_64.whl", hash = "sha256:559b38da23606e68681337ad74622c4dbba02254fc9cb4488a305dd5975c7eeb"},
    {file = "pillow-12.1.1-cp314-cp314-win32.whl", hash = "sha256:03edcc34d688572014ff223c125a3f77fb08091e4607e7745002fc214070b35f"},
    {file = "pillow-12.1.1-cp314-cp314-win_amd64.whl", hash = "sha256:50480dcd74fa63b8e78235957d302d98d98d82ccbfac4c7e12108ba9ecbdba15"},
    {file = "pillow-12.1.1-cp314-cp314-win_arm64.whl", hash = "sha256:5cb1785d97b0c3d1d1a16bc1d710c4a0049daefc4935f3a8f31f827f4d3d2e7f"},
    {file = "pillow-12.1.1-cp314-cp314t-macosx_10_15_x86_64.whl", hash = "sha256:1f90cff8aa76835cba5769f0b3121a22bd4eb9e6884cfe338216e557a9a548b8"},
    {file = "pillow-12.1.1-cp314-cp314t-macosx_11_0_arm64.whl", hash = "sha256:1f1be78ce9466a7ee64bfda57bdba0f7cc499d9794d518b854816c41bf0aa4e9"},
    {file = "pillow-12.1.1-cp314-cp314t-manylinux2014_aarch64.manylinux_2_17_aarch64.whl", hash = "sha256:42fc1f4677106188ad9a55562bbade416f8b55456f522430fadab3cef7cd4e60"},
    {file = "pillow-12.1.1-cp314-cp314t-manylinux2014_x86_64.manylinux_2_17_x86_64.whl", hash = "sha256:98edb152429ab62a1818039744d8fbb3ccab98a7c29fc3d5fcef158f3f1f68b7"},
    {file = "pillow-12.1.1-cp314-cp314t-manylinux_2_27_aarch64.manylinux_2_28_aarch64.whl", hash = "sha256:d470ab1178551dd17fdba0fef463359c41aaa613cdcd7ff8373f54be629f9f8f"},
    {file = "pillow-12.1.1-cp314-cp314t-manylinux_2_27_x86_64.manylinux_2_28_x86_64.whl", hash = "sha256:6408a7b064595afcab0a49393a413732a35788f2a5092fdc6266952ed67de586"},
    {file = "pillow-12.1.1-cp314-cp314t-musllinux_1_2_aarch64.whl", hash = "sha256:5d8c41325b382c07799a3682c1c258469ea2ff97103c53717b7893862d0c98ce"},
    {file = "pillow-12.1.1-cp314-cp314t-musllinux_1_2_x86_64.whl", hash = "sha256:c7697918b5be27424e9ce568193efd13d925c4481dd364e43f5dff72d33e10f8"},
    {file = "pillow-12.1.1-cp314-cp314t-win32.whl", hash = "sha256:d2912fd8114fc5545aa3a4b5576512f64c55a03f3ebcca4c10194d593d43ea36"},
    {file = "pillow-12.1.1-cp314-cp314t-win_amd64.whl", hash = "sha256:4ceb838d4bd9dab43e06c363cab2eebf63846d6a4aeaea283bbdfd8f1a8ed58b"},
    {file = "pillow-12.1.1-cp314-cp314t-win_arm64.whl", hash = "sha256:7b03048319bfc6170e93bd60728a1af51d3dd7704935feb228c4d4faab35d334"},
    {file = "pillow-12.1.1-pp311-pypy311_pp73-macosx_10_15_x86_64.whl", hash = "sha256:600fd103672b925fe62ed08e0d874ea34d692474df6f4bf7ebe148b30f89f39f"},
    {file = "pillow-12.1.1-pp311-pypy311_pp73-macosx_11_0_arm64.whl", hash = "sha256:665e1b916b043cef294bc54d47bf02d87e13f769bc4bc5fa225a24b3a6c5aca9"},
    {file = "pillow-12.1.1-pp311-pypy311_pp73-manylinux2014_aarch64.manylinux_2_17_aarch64.whl", hash = "sha256:495c302af3aad1ca67420ddd5c7bd480c8867ad173528767d906428057a11f0e"},
    {file = "pillow-12.1.1-pp311-pypy311_pp73-manylinux2014_x86_64.manylinux_2_17_x86_64.whl", hash = "sha256:8fd420ef0c52c88b5a035a0886f367748c72147b2b8f384c9d12656678dfdfa9"},
    {file = "pillow-12.1.1-pp311-pypy311_pp73-manylinux_2_27_aarch64.manylinux_2_28_aarch64.whl", hash = "sha256:f975aa7ef9684ce7e2c18a3aa8f8e2106ce1e46b94ab713d156b2898811651d3"},
    {file = "pillow-12.1.1-pp311-pypy311_pp73-manylinux_2_27_x86_64.manylinux_2_28_x86_64.whl", hash = "sha256:8089c852a56c2966cf18835db62d9b34fef7ba74c726ad943928d494fa7f4735"},
    {file = "pillow-12.1.1-pp311-pypy311_pp73-win_amd64.whl", hash = "sha256:cb9bb857b2d057c6dfc72ac5f3b44836924ba15721882ef103cecb40d002d80e"},
    {file = "pillow-12.1.1.tar.gz", hash = "sha256:9ad8fa5937ab05218e2b6a4cff30295ad35afd2f83ac592e68c0d871bb0fdbc4"},
]

[package.extras]
docs = ["furo", "olefile", "sphinx (>=8.2)", "sphinx-autobuild", "sphinx-copybutton", "sphinx-inline-tabs", "sphinxext-opengraph"]
fpx = ["olefile"]
mic = ["olefile"]
test-arrow = ["arro3-compute", "arro3-core", "nanoarrow", "pyarrow"]
tests = ["check-manifest", "coverage (>=7.4.2)", "defusedxml", "markdown2", "olefile", "packaging", "pyroma (>=5)", "pytest", "pytest-cov", "pytest-timeout", "pytest-xdist", "trove-classifiers (>=2024.10.12)"]
xmp = ["defusedxml"]

[metadata]
lock-version = "2.0"
python-versions = "^3.12"
content-hash = "fbcb29e4ed5b9a727d0d3a23e32dfb48acf038daf6a48a07e9e84b491fdf391a"
