# This file is automatically @generated by Poetry 1.8.3 and should not be changed by hand.

[[package]]
name = "panda3d"
version = "1.10.16"
description = "Panda3D is a framework for 3D rendering and game development for Python and C++ programs."
optional = false
python-versions = "*"
files = [
    {file = "panda3d-1.10.16-cp27-cp27m-macosx_10_9_x86_64.whl", hash = "sha256:75f91ac28ddf56ca34854b00c665c7551a0c322f57080b15e27f1068781413e3"},
    {file = "panda3d-1.10.16-cp27-cp27m-win32.whl", hash = "sha256:26fdcf16083623fdb4a4ec98d4f7fff2e3ec6e8626c49025c4fc4f9462425d8f"},
    {file = "panda3d-1.10.16-cp27-cp27m-win_amd64.whl", hash = "sha256:1f7fb990a10c72ee394147b6c59825308330ac589e89dfe947dc0d2a35239fa2"},
    {file = "panda3d-1.10.16-cp27-cp27mu-manylinux1_i686.whl", hash = "sha256:98d76f9899e23e78e7655bf1a7f6bfcc325abaad1ee6c463aa54f9cb69247128"},
    {file = "panda3d-1.10.16-cp27-cp27mu-manylinux1_x86_64.whl", hash = "sha256:6e3f35193ecab4fdbfe0d958b12a1be3a69c14e77980923e9b98b5bf2f5abbbd"},
    {file = "panda3d-1.10.16-cp310-cp310-macosx_10_9_x86_64.whl", hash = "sha256:71e711d3ffd7ccf13926cfd8461d1439034565bef75a77827e3fd29f8dea42ec"},
    {file = "panda3d-1.10.16-cp310-cp310-macosx_11_0_universal2.whl", hash = "sha256:1beb74ea2b7825ffe52723a6419c00b72729784bd1365a7333a7b90d891aeac7"},
    {file = "panda3d-1.10.16-cp310-cp310-manylinux2010_i686.whl", hash = "sha256:be4268c920c3e855c6839e37eaf44381fd6f801c97c482ecd3a3fc2ad7232bac"},
    {file = "panda3d-1.10.16-cp310-cp310-manylinux2010_x86_64.whl", hash = "sha256:d6e74b29508f06bfb7f4adbf442b763c32e5db8a7006dab969dc89b6393a83e0"},
    {file = "panda3d-1.10.16-cp310-cp310-manylinux2014_aarch64.whl", hash = "sha256:d32ad24db765ae29aa134009552e45cefa594b9c237132a86ae9e9f361482bec"},
    {file = "panda3d-1.10.16-cp310-cp310-manylinux2014_x86_64.whl", hash = "sha256:1a549925e806702bfd43b32a3f06d0c98fcbb7841a1d870eda656ae3ccb8f10f"},
    {file = "panda3d-1.10.16-cp310-cp310-win32.whl", hash = "sha256:b2f9f88ec94f7d67e60b3c4c7d0d8fb18f8cbc207fa9475c721dfeec0863db5b"},
    {file = "panda3d-1.10.16-cp310-cp310-win_amd64.whl", hash = "sha256:3f5e084314a842875f9fbb2d6276c4bf80faa277592d90620a3b90717c4847e5"},
    {file = "panda3d-1.10.16-cp311-cp311-macosx_10_9_x86_64.whl", hash = "sha256:93439705d710226c57d6322f67fd5d8ad54bed1b30de52e32592963c02fe109b"},
    {file = "panda3d-1.10.16-cp311-cp311-macosx_11_0_universal2.whl", hash = "sha256:985cda212f7c69890267bd72b2175f4935a36b3785b18d904407678676221896"},
    {file = "panda3d-1.10.16-cp311-cp311-manylinux2014_aarch64.whl", hash = "sha256:71f9e0f7e5c82c350d7f389a284a6aab97a1cac647aa358dd0ff5e99c83b83fa"},
    {file = "panda3d-1.10.16-cp311-cp311-manylinux2014_x86_64.whl", hash = "sha256:8aa53ad6d83eaa750d84e8c1d84919c0f1167212208c836c15b998409cdb6a83"},
    {file = "panda3d-1.10.16-cp311-cp311-win32.whl", hash = "sha256:63a93dd393de1d8a3ab3520b02acc55803ee53efbf63b952bd45951f534b3f68"},
    {file = "panda3d-1.10.16-cp311-cp311-win_amd64.whl", hash = "sha256:37acfb92655c4226879f95c988e2ef1449a53c54486d6c1ebc00e2772429af82"},
    {file = "panda3d-1.10.16-cp312-cp312-macosx_10_9_x86_64.whl", hash = "sha256:b2a4b72c8d64505c3db1d25a37b9da7b267616fa3bf4bdcd8b3bf15040e961c7"},
    {file = "panda3d-1.10.16-cp312-cp312-macosx_11_0_universal2.whl", hash = "sha256:69ebff55f625161bd5d8589539345d1732095ec735af05c50583a49e0619f870"},
    {file = "panda3d-1.10.16-cp312-cp312-manylinux2014_aarch64.whl", hash = "sha256:383ad14bfe451505959a86bc18958853e21b6a6a25c896e04a44a14c1a412944"},
    {file = "panda3d-1.10.16-cp312-cp312-manylinux2014_x86_64.whl", hash = "sha256:7ab1a4d93897c03014d7749d173f5fcb2ac3a3cd747e2468247acd2022efd23c"},
    {file = "panda3d-1.10.16-cp312-cp312-win32.whl", hash = "sha256:540b4d9d7719dc10c60e0910e63af762e348ab128eca91eee8e8c291348c88ab"},
    {file = "panda3d-1.10.16-cp312-cp312-win_amd64.whl", hash = "sha256:f6493e2ecc0d1b7c1556a999556e5278cbc9484fe5fe1e159a1ccc02b870b18f"},
    {file = "panda3d-1.10.16-cp313-cp313-macosx_10_13_x86_64.whl", hash = "sha256:b85b0b2e0da93d622d40df83eb98d7859913f2c261842a760d988cac13a055c1"},
    {file = "panda3d-1.10.16-cp313-cp313-macosx_11_0_universal2.whl", hash = "sha256:69c934485f60b4f1340cd64de0b85aa9b98a7491a1d5cadae99555f8e194a414"},
    {file = "panda3d-1.10.16-cp313-cp313-manylinux2014_aarch64.whl", hash = "sha256:fb7ab84b72e977aa0846a103e0ee5138f5c9f2de48615291420bb47576e2b2b7"},
    {file = "panda3d-1.10.16-cp313-cp313-manylinux2014_x86_64.whl", hash = "sha256:2053a596014f21d5cce0fa93eaeb723a685f3c0231a63312c453aff1733ed061"},
    {file = "panda3d-1.10.16-cp313-cp313-win32.whl", hash = "sha256:d4456b2064f1f6b1b3579106608ec35234278da553b2df78eacec7431dccf045"},
    {file = "panda3d-1.10.16-cp313-cp313-win_amd64.whl", hash = "sha256:0e505261bb58d8402d0099c291f1a3459acfdd38f3e7d666e72aa2e1ea5dc46f"},
    {file = "panda3d-1.10.16-cp313-cp313t-macosx_10_13_x86_64.whl", hash = "sha256:33daac5ac15772c6633eacb62bb89ecb1926a5919689ee429b69b72f859e8a30"},
    {file = "panda3d-1.10.16-cp313-cp313t-macosx_11_0_universal2.whl", hash = "sha256:1ca68faf35cf7d5dca91053a4dbfd55ab3e75670c74ea2423d39fb684cdb6bee"},
    {file = "panda3d-1.10.16-cp313-cp313t-manylinux2014_aarch64.whl", hash = "sha256:9d16943a8e30d57587bd603f7549ff5619c85d41d4020ff0db44ccf00083be29"},
    {file = "panda3d-1.10.16-cp313-cp313t-manylinux2014_x86_64.whl", hash = "sha256:f39d6ec367ae1802b7f0576e1fd37e98887d7549c76f91872e01365ae23daa3c"},
    {file = "panda3d-1.10.16-cp313-cp313t-win32.whl", hash = "sha256:91325aea5dee239684cb1b0e87dfcfe50b55246aa3238239e6cfcab7abc2b374"},
    {file = "panda3d-1.10.16-cp313-cp313t-win_amd64.whl", hash = "sha256:0c74016a5128e64257e6b5c3e3d5620ea0b0a6193a2cc453feaac2b9ecdc00f7"},
    {file = "panda3d-1.10.16-cp314-cp314-macosx_11_0_universal2.whl", hash = "sha256:7c7405363cee90c669ca05f1ac78740f8b34d8cffaf5a6ab98205994a4f6f470"},
    {file = "panda3d-1.10.16-cp314-cp314-manylinux2014_aarch64.whl", hash = "sha256:35bacb8f879abe056ba300650d134326a5a3472c97b99d17b5b775bef4161f3d"},
    {file = "panda3d-1.10.16-cp314-cp314-manylinux2014_x86_64.whl", hash = "sha256:16cb0feb8b4d97d2e1a7620650b8c1f9b1e561eb738cb4b69646e773ea942693"},
    {file = "panda3d-1.10.16-cp314-cp314-win32.whl", hash = "sha256:e4f7e161a8fa3e0f52bb1822dc21053e3d3503ec9550a3a07bb2acda8491c97c"},
    {file = "panda3d-1.10.16-cp314-cp314-win_amd64.whl", hash = "sha256:0978ca7d2953d37ed3ed8d99abd1ee77bbfc75fe6ea47019d0f5f5dad830d853"},
    {file = "panda3d-1.10.16-cp314-cp314t-macosx_11_0_universal2.whl", hash = "sha256:b45c89a24b96302a1dd13bbf33b943ee4781711d6c7e75c920941c05f1c9d176"},
    {file = "panda3d-1.10.16-cp314-cp314t-manylinux2014_aarch64.whl", hash = "sha256:8476826dd35c633870fb30754bddbfd83572903181628a3bbe2cdbece602ec0e"},
    {file = "panda3d-1.10.16-cp314-cp314t-manylinux2014_x86_64.whl", hash = "sha256:90712b13bdcbec4222af8573d8f20f4ded3928368b8fe2110dc9bd42c3d59067"},
    {file = "panda3d-1.10.16-cp314-cp314t-win32.whl", hash = "sha256:89b38011329c6324a726752e0a4f9b85936afb1f0d777297eb526549600338f4"},
    {file = "panda3d-1.10.16-cp314-cp314t-win_amd64.whl", hash = "sha256:66485e7518a58a078167f3f1c1b87d969089259df0409ec8d7d6cb2a9e800e41"},
    {file = "panda3d-1.10.16-cp34-cp34m-manylinux1_i686.whl", hash = "sha256:a107f0b923117e74a3ed188d5ddb79d8bd27eb0526e505f255252725648f7769"},
    {file = "panda3d-1.10.16-cp34-cp34m-manylinux1_x86_64.whl", hash = "sha256:214910f604e63d3b74a716c308f993fc5fdb3db631d4eff2563240c230198c23"},
    {file = "panda3d-1.10.16-cp34-cp34m-win32.whl", hash = "sha256:b2e88146733833a75047bf75c64244f87c17c924ef321fa79cfe39f0d53a4e46"},
    {file = "panda3d-1.10.16-cp34-cp34m-win_amd64.whl", hash = "sha256:1fdf62355df6593c3d772b3e6ab55cd7e02c034d08778ccedcc3c792140818ef"},
    {file = "panda3d-1.10.16-cp35-cp35m-macosx_10_9_x86_64.whl", hash = "sha256:7208cd1306f83051f3f895519204f0ee0fc5a86c98ca87759e457174175cace0"},
    {file = "panda3d-1.10.16-cp35-cp35m-manylinux1_i686.whl", hash = "sha256:3306210ccce65d526beef8dbedcafca37d32f02f042cb2077646b4d188ed4855"},
    {file = "panda3d-1.10.16-cp35-cp35m-manylinux1_x86_64.whl", hash = "sha256:771d7c88ca5baec021f471e620b2f80a6a815cd9552db7a82f5903b626fc267d"},
    {file = "panda3d-1.10.16-cp35-cp35m-win32.whl", hash = "sha256:3714ff2472215af38c0de98be5d66202113851074c5f20914b21adb71f9d139d"},
    {file = "panda3d-1.10.16-cp35-cp35m-win_amd64.whl", hash = "sha256:fd11f0b8e4a606a6ed557ce3c9e82d3c164ade1a7117d05935e513bc27763fea"},
    {file = "panda3d-1.10.16-cp36-cp36m-macosx_10_9_x86_64.whl", hash = "sha256:794d02dcd74f2e2bdd88fcd7e0618227533291de69fd73c85656733866fb5b2b"},
    {file = "panda3d-1.10.16-cp36-cp36m-manylinux1_i686.whl", hash = "sha256:93bdfd67d9124ac345a5e6a7bd0eb5602957a867de78c2f40494457dd8ff4b6c"},
    {file = "panda3d-1.10.16-cp36-cp36m-manylinux1_x86_64.whl", hash = "sha256:f6c775617e3c377bfe5f0e3c5fc2ee2c4798bc9b45542a2ec15fe5aaa702d71a"},
    {file = "panda3d-1.10.16-cp36-cp36m-manylinux2010_i686.whl", hash = "sha256:9354cd1ec14f487fc5c1791c83c481c7f70727c6c0151885aad69a87cc064560"},
    {file = "panda3d-1.10.16-cp36-cp36m-manylinux2010_x86_64.whl", hash = "sha256:a7d11c183ac8cac6c88902b55b6074be0eafd6e3ca634b64d38479a36df00fdb"},
    {file = "panda3d-1.10.16-cp36-cp36m-win32.whl", hash = "sha256:c35f750a2620090dc3923d858b8a1fbfc20d78d4c49b23c4d9f0354a88499d6b"},
    {file = "panda3d-1.10.16-cp36-cp36m-win_amd64.whl", hash = "sha256:0489fecddd48318308f8b23511b935014f0062a551a840b4f1751d2cb74f2bd0"},
    {file = "panda3d-1.10.16-cp37-cp37m-macosx_10_9_x86_64.whl", hash = "sha256:470f1bc8643023fcb456dbee3e04d94783b7905e916f3a8f3ad3b3faf7931513"},
    {file = "panda3d-1.10.16-cp37-cp37m-manylinux1_i686.whl", hash = "sha256:d0ccc4fc3746aa4b45f9a7137356e82c51e7e0b42bb39702b650b1c8843a94cf"},
    {file = "panda3d-1.10.16-cp37-cp37m-manylinux1_x86_64.whl", hash = "sha256:72fb4a0e93dcdfad8ad501ee0bf97256412d1ae998c5cd9c369e610a6404063b"},
    {file = "panda3d-1.10.16-cp37-cp37m-manylinux2010_i686.whl", hash = "sha256:68435253db21de66cc9bbc8604eea036176c940ccdb38823b7434fb7ad933b68"},
    {file = "panda3d-1.10.16-cp37-cp37m-manylinux2010_x86_64.whl", hash = "sha256:f6c63660f451b9935c5c01e00e91d401822075e416d368d5c9f99aa442aca200"},
    {file = "panda3d-1.10.16-cp37-cp37m-win32.whl", hash = "sha256:89297f0be924bb473d1f947306a342eacefa839c2184d2817100c1ef84dd267f"},
    {file = "panda3d-1.10.16-cp37-cp37m-win_amd64.whl", hash = "sha256:a04d91d02e7d0140be4c5b73ad4cd063dc5e97b584447d11b2bf92c5172e010b"},
    {file = "panda3d-1.10.16-cp38-cp38-macosx_10_9_x86_64.whl", hash = "sha256:599a04f515bcaac18672416e8600b80e52059baf3b47faae42c431bdf85ff9e9"},
    {file = "panda3d-1.10.16-cp38-cp38-macosx_11_0_universal2.whl", hash = "sha256:0ce52cf0a1a6536ab66cae0757622b90b998a7fd109c26230ca8ef2e2dbf5c6d"},
    {file = "panda3d-1.10.16-cp38-cp38-manylinux1_i686.whl", hash = "sha256:5eace4d7647a203f2ce816904bd3f73a4ac401dc86561963cda6d33034ca58c2"},
    {file = "panda3d-1.10.16-cp38-cp38-manylinux1_x86_64.whl", hash = "sha256:0b87a784fad304c5005798bee59722d456041369430fcff8c9036ef8616e5841"},
    {file = "panda3d-1.10.16-cp38-cp38-manylinux2014_aarch64.whl", hash = "sha256:2536584fc0019d832f4448ce7ce9f6bbd10b85f4c04b5e3482ff4eff61c703cf"},
    {file = "panda3d-1.10.16-cp38-cp38-manylinux2014_x86_64.whl", hash = "sha256:d7eecc4c8a7364696e253df5d0a9e2932730ee84145d39072f3515e7e1081319"},
    {file = "panda3d-1.10.16-cp38-cp38-win32.whl", hash = "sha256:607e758c1f034462e500fe12763ce1c3ca59595cb17f324e793c1a5177c77053"},
    {file = "panda3d-1.10.16-cp38-cp38-win_amd64.whl", hash = "sha256:566cf8fd76ef019a4abd9aa7dc9f7b59fd233c7e47b9be5d27d69e93e6da53cf"},
    {file = "panda3d-1.10.16-cp39-cp39-macosx_10_9_x86_64.whl", hash = "sha256:44996f727c8462ea503bc75a9fe10d2087b8c942ff902ffbbd8a963440622f7b"},
    {file = "panda3d-1.10.16-cp39-cp39-macosx_11_0_universal2.whl", hash = "sha256:869b92b606a6037136be818449f91a5e16f07ea3c2484dbd09c7c4f6eb8d4136"},
    {file = "panda3d-1.10.16-cp39-cp39-manylinux1_i686.whl", hash = "sha256:53834e8d6c60c595c2a6215fce6ec3d5bd0ac3a35f3822fbd45a27cc6243aacb"},
    {file = "panda3d-1.10.16-cp39-cp39-manylinux1_x86_64.whl", hash = "sha256:5c5ec495c0e80b0fa73ceab84a452da689d66b190cd79159d71480c7e54d2afb"},
    {file = "panda3d-1.10.16-cp39-cp39-manylinux2014_aarch64.whl", hash = "sha256:bd25f920cae6cf117e3b22199d0101f605d35a89e7259207a678c86cb2311875"},
    {file = "panda3d-1.10.16-cp39-cp39-manylinux2014_x86_64.whl", hash = "sha256:f70a1a58c166f4fce85b1e9e3fbc8f04ac43d42f64231228cdbc29b8741144ed"},
    {file = "panda3d-1.10.16-cp39-cp39-win32.whl", hash = "sha256:cba1caeefee96b58125f9dc8c36ca165e937e9c387868fb8a5c8ca88c0e29241"},
    {file = "panda3d-1.10.16-cp39-cp39-win_amd64.whl", hash = "sha256:11e5f1cd734827ca7925eaab993aaa06c9ac3e0b4d933fd44a99f048803702a1"},
]

[[package]]
name = "pillow"
version = "11.3.0"
description = "Python Imaging Library (Fork)"
optional = false
python-versions = ">=3.9"
files = [
    {file = "pillow-11.3.0-cp310-cp310-macosx_10_10_x86_64.whl", hash = "sha256:1b9c17fd4ace828b3003dfd1e30bff24863e0eb59b535e8f80194d9cc7ecf860"},
    {file = "pillow-11.3.0-cp310-cp310-macosx_11_0_arm64.whl", hash = "sha256:65dc69160114cdd0ca0f35cb434633c75e8e7fad4cf855177a05bf38678f73ad"},
    {file = "pillow-11.3.0-cp310-cp310-manylinux2014_aarch64.manylinux_2_17_aarch64.whl", hash = "sha256:7107195ddc914f656c7fc8e4a5e1c25f32e9236ea3ea860f257b0436011fddd0"},
    {file = "pillow-11.3.0-cp310-cp310-manylinux2014_x86_64.manylinux_2_17_x86_64.whl", hash = "sha256:cc3e831b563b3114baac7ec2ee86819eb03caa1a2cef0b481a5675b59c4fe23b"},
    {file = "pillow-11.3.0-cp310-cp310-manylinux_2_27_aarch64.manylinux_2_28_aarch64.whl", hash = "sha256:f1f182ebd2303acf8c380a54f615ec883322593320a9b00438eb842c1f37ae50"},
    {file = "pillow-11.3.0-cp310-cp310-manylinux_2_27_x86_64.manylinux_2_28_x86_64.whl", hash = "sha256:4445fa62e15936a028672fd48c4c11a66d641d2c05726c7ec1f8ba6a572036ae"},
    {file = "pillow-11.3.0-cp310-cp310-musllinux_1_2_aarch64.whl", hash = "sha256:71f511f6b3b91dd543282477be45a033e4845a40278fa8dcdbfdb07109bf18f9"},
    {file = "pillow-11.3.0-cp310-cp310-musllinux_1_2_x86_64.whl", hash = "sha256:040a5b691b0713e1f6cbe222e0f4f74cd233421e105850ae3b3c0ceda520f42e"},
    {file = "pillow-11.3.0-cp310-cp310-win32.whl", hash = "sha256:89bd777bc6624fe4115e9fac3352c79ed60f3bb18651420635f26e643e3dd1f6"},
    {file = "pillow-11.3.0-cp310-cp310-win_amd64.whl", hash = "sha256:19d2ff547c75b8e3ff46f4d9ef969a06c30ab2d4263a9e287733aa8b2429ce8f"},
    {file = "pillow-11.3.0-cp310-cp310-win_arm64.whl", hash = "sha256:819931d25e57b513242859ce1876c58c59dc31587847bf74cfe06b2e0cb22d2f"},
    {file = "pillow-11.3.0-cp311-cp311-macosx_10_10_x86_64.whl", hash = "sha256:1cd110edf822773368b396281a2293aeb91c90a2db00d78ea43e7e861631b722"},
    {file = "pillow-11.3.0-cp311-cp311-macosx_11_0_arm64.whl", hash = "sha256:9c412fddd1b77a75aa904615ebaa6001f169b26fd467b4be93aded278266b288"},
    {file = "pillow-11.3.0-cp311-cp311-manylinux2014_aarch64.manylinux_2_17_aarch64.whl", hash = "sha256:7d1aa4de119a0ecac0a34a9c8bde33f34022e2e8f99104e47a3ca392fd60e37d"},
    {file = "pillow-11.3.0-cp311-cp311-manylinux2014_x86_64.manylinux_2_17_x86_64.whl", hash = "sha256:91da1d88226663594e3f6b4b8c3c8d85bd504117d043740a8e0ec449087cc494"},
    {file = "pillow-11.3.0-cp311-cp311-manylinux_2_27_aarch64.manylinux_2_28_aarch64.whl", hash = "sha256:643f189248837533073c405ec2f0bb250ba54598cf80e8c1e043381a60632f58"},
    {file = "pillow-11.3.0-cp311-cp311-manylinux_2_27_x86_64.manylinux_2_28_x86_64.whl", hash = "sha256:106064daa23a745510dabce1d84f29137a37224831d88eb4ce94bb187b1d7e5f"},
    {file = "pillow-11.3.0-cp311-cp311-musllinux_1_2_aarch64.whl", hash = "sha256:cd8ff254faf15591e724dc7c4ddb6bf4793efcbe13802a4ae3e863cd300b493e"},
    {file = "pillow-11.3.0-cp311-cp311-musllinux_1_2_x86_64.whl", hash = "sha256:932c754c2d51ad2b2271fd01c3d121daaa35e27efae2a616f77bf164bc0b3e94"},
    {file = "pillow-11.3.0-cp311-cp311-win32.whl", hash = "sha256:b4b8f3efc8d530a1544e5962bd6b403d5f7fe8b9e08227c6b255f98ad82b4ba0"},
    {file = "pillow-11.3.0-cp311-cp311-win_amd64.whl", hash = "sha256:1a992e86b0dd7aeb1f053cd506508c0999d710a8f07b4c791c63843fc6a807ac"},
    {file = "pillow-11.3.0-cp311-cp311-win_arm64.whl", hash = "sha256:30807c931ff7c095620fe04448e2c2fc673fcbb1ffe2a7da3fb39613489b1ddd"},
    {file = "pillow-11.3.0-cp312-cp312-macosx_10_13_x86_64.whl", hash = "sha256:fdae223722da47b024b867c1ea0be64e0df702c5e0a60e27daad39bf960dd1e4"},
    {file = "pillow-11.3.0-cp312-cp312-macosx_11_0_arm64.whl", hash = "sha256:921bd305b10e82b4d1f5e802b6850677f965d8394203d182f078873851dada69"},
    {file = "pillow-11.3.0-cp312-cp312-manylinux2014_aarch64.manylinux_2_17_aarch64.whl", hash = "sha256:eb76541cba2f958032d79d143b98a3a6b3ea87f0959bbe256c0b5e416599fd5d"},
    {file = "pillow-11.3.0-cp312-cp312-manylinux2014_x86_64.manylinux_2_17_x86_64.whl", hash = "sha256:67172f2944ebba3d4a7b54f2e95c786a3a50c21b88456329314caaa28cda70f6"},
    {file = "pillow-11.3.0-cp312-cp312-manylinux_2_27_aarch64.manylinux_2_28_aarch64.whl", hash = "sha256:97f07ed9f56a3b9b5f49d3661dc9607484e85c67e27f3e8be2c7d28ca032fec7"},
    {file = "pillow-11.3.0-cp312-cp312-manylinux_2_27_x86_64.manylinux_2_28_x86_64.whl", hash = "sha256:676b2815362456b5b3216b4fd5bd89d362100dc6f4945154ff172e206a22c024"},
    {file = "pillow-11.3.0-cp312-cp312-musllinux_1_2_aarch64.whl", hash = "sha256:3e184b2f26ff146363dd07bde8b711833d7b0202e27d13540bfe2e35a323a809"},
    {file = "pillow-11.3.0-cp312-cp312-musllinux_1_2_x86_64.whl", hash = "sha256:6be31e3fc9a621e071bc17bb7de63b85cbe0bfae91bb0363c893cbe67247780d"},
    {file = "pillow-11.3.0-cp312-cp312-win32.whl", hash = "sha256:7b161756381f0918e05e7cb8a371fff367e807770f8fe92ecb20d905d0e1c149"},
    {file = "pillow-11.3.0-cp312-cp312-win_amd64.whl", hash = "sha256:a6444696fce635783440b7f7a9fc24b3ad10a9ea3f0ab66c5905be1c19ccf17d"},
    {file = "pillow-11.3.0-cp312-cp312-win_arm64.whl", hash = "sha256:2aceea54f957dd4448264f9bf40875da0415c83eb85f55069d89c0ed436e3542"},
    {file = "pillow-11.3.0-cp313-cp313-ios_13_0_arm64_iphoneos.whl", hash = "sha256:1c627742b539bba4309df89171356fcb3cc5a9178355b2727d1b74a6cf155fbd"},
    {file = "pillow-11.3.0-cp313-cp313-ios_13_0_arm64_iphonesimulator.whl", hash = "sha256:30b7c02f3899d10f13d7a48163c8969e4e653f8b43416d23d13d1bbfdc93b9f8"},
    {file = "pillow-11.3.0-cp313-cp313-ios_13_0_x86_64_iphonesimulator.whl", hash = "sha256:7859a4cc7c9295f5838015d8cc0a9c215b77e43d07a25e460f35cf516df8626f"},
    {file = "pillow-11.3.0-cp313-cp313-macosx_10_13_x86_64.whl", hash = "sha256:ec1ee50470b0d050984394423d96325b744d55c701a439d2bd66089bff963d3c"},
    {file = "pillow-11.3.0-cp313-cp313-macosx_11_0_arm64.whl", hash = "sha256:7db51d222548ccfd274e4572fdbf3e810a5e66b00608862f947b163e613b67dd"},
    {file = "pillow-11.3.0-cp313-cp313-manylinux2014_aarch64.manylinux_2_17_aarch64.whl", hash = "sha256:2d6fcc902a24ac74495df63faad1884282239265c6839a0a6416d33faedfae7e"},
    {file = "pillow-11.3.0-cp313-cp313-manylinux2014_x86_64.manylinux_2_17_x86_64.whl", hash = "sha256:f0f5d8f4a08090c6d6d578351a2b91acf519a54986c055af27e7a93feae6d3f1"},
    {file = "pillow-11.3.0-cp313-cp313-manylinux_2_27_aarch64.manylinux_2_28_aarch64.whl", hash = "sha256:c37d8ba9411d6003bba9e518db0db0c58a680ab9fe5179f040b0463644bc9805"},
    {file = "pillow-11.3.0-cp313-cp313-manylinux_2_27_x86_64.manylinux_2_28_x86_64.whl", hash = "sha256:13f87d581e71d9189ab21fe0efb5a23e9f28552d5be6979e84001d3b8505abe8"},
    {file = "pillow-11.3.0-cp313-cp313-musllinux_1_2_aarch64.whl", hash = "sha256:023f6d2d11784a465f09fd09a34b150ea4672e85fb3d05931d89f373ab14abb2"},
    {file = "pillow-11.3.0-cp313-cp313-musllinux_1_2_x86_64.whl", hash = "sha256:45dfc51ac5975b938e9809451c51734124e73b04d0f0ac621649821a63852e7b"},
    {file = "pillow-11.3.0-cp313-cp313-win32.whl", hash = "sha256:a4d336baed65d50d37b88ca5b60c0fa9d81e3a87d4a7930d3880d1624d5b31f3"},
    {file = "pillow-11.3.0-cp313-cp313-win_amd64.whl", hash = "sha256:0bce5c4fd0921f99d2e858dc4d4d64193407e1b99478bc5cacecba2311abde51"},
    {file = "pillow-11.3.0-cp313-cp313-win_arm64.whl", hash = "sha256:1904e1264881f682f02b7f8167935cce37bc97db457f8e7849dc3a6a52b99580"},
    {file = "pillow-11.3.0-cp313-cp313t-macosx_10_13_x86_64.whl", hash = "sha256:4c834a3921375c48ee6b9624061076bc0a32a60b5532b322cc0ea64e639dd50e"},
    {file = "pillow-11.3.0-cp313-cp313t-macosx_11_0_arm64.whl", hash = "sha256:5e05688ccef30ea69b9317a9ead994b93975104a677a36a8ed8106be9260aa6d"},
    {file = "pillow-11.3.0-cp313-cp313t-manylinux2014_aarch64.manylinux_2_17_aarch64.whl", hash = "sha256:1019b04af07fc0163e2810167918cb5add8d74674b6267616021ab558dc98ced"},
    {file = "pillow-11.3.0-cp313-cp313t-manylinux2014_x86_64.manylinux_2_17_x86_64.whl", hash = "sha256:f944255db153ebb2b19c51fe85dd99ef0ce494123f21b9db4877ffdfc5590c7c"},
    {file = "pillow-11.3.0-cp313-cp313t-manylinux_2_27_aarch64.manylinux_2_28_aarch64.whl", hash = "sha256:1f85acb69adf2aaee8b7da124efebbdb959a104db34d3a2cb0f3793dbae422a8"},
    {file = "pillow-11.3.0-cp313-cp313t-manylinux_2_27_x86_64.manylinux_2_28_x86_64.whl", hash = "sha256:05f6ecbeff5005399bb48d198f098a9b4b6bdf27b8487c7f38ca16eeb070cd59"},
    {file = "pillow-11.3.0-cp313-cp313t-musllinux_1_2_aarch64.whl", hash = "sha256:a7bc6e6fd0395bc052f16b1a8670859964dbd7003bd0af2ff08342eb6e442cfe"},
    {file = "pillow-11.3.0-cp313-cp313t-musllinux_1_2_x86_64.whl", hash = "sha256:83e1b0161c9d148125083a35c1c5a89db5b7054834fd4387499e06552035236c"},
    {file = "pillow-11.3.0-cp313-cp313t-win32.whl", hash = "sha256:2a3117c06b8fb646639dce83694f2f9eac405472713fcb1ae887469c0d4f6788"},
    {file = "pillow-11.3.0-cp313-cp313t-win_amd64.whl", hash = "sha256:857844335c95bea93fb39e0fa2726b4d9d758850b34075a7e3ff4f4fa3aa3b31"},
    {file = "pillow-11.3.0-cp313-cp313t-win_arm64.whl", hash = "sha256:8797edc41f3e8536ae4b10897ee2f637235c94f27404cac7297f7b607dd0716e"},
    {file = "pillow-11.3.0-cp314-cp314-macosx_10_13_x86_64.whl", hash = "sha256:d9da3df5f9ea2a89b81bb6087177fb1f4d1c7146d583a3fe5c672c0d94e55e12"},
    {file = "pillow-11.3.0-cp314-cp314-macosx_11_0_arm64.whl", hash = "sha256:0b275ff9b04df7b640c59ec5a3cb113eefd3795a8df80bac69646ef699c6981a"},
    {file = "pillow-11.3.0-cp314-cp314-manylinux2014_aarch64.manylinux_2_17_aarch64.whl", hash = "sha256:0743841cabd3dba6a83f38a92672cccbd69af56e3e91777b0ee7f4dba4385632"},
    {file = "pillow-11.3.0-cp314-cp314-manylinux2014_x86_64.manylinux_2_17_x86_64.whl", hash = "sha256:2465a69cf967b8b49ee1b96d76718cd98c4e925414ead59fdf75cf0fd07df673"},
    {file = "pillow-11.3.0-cp314-cp314-manylinux_2_27_aarch64.manylinux_2_28_aarch64.whl", hash = "sha256:41742638139424703b4d01665b807c6468e23e699e8e90cffefe291c5832b027"},
    {file = "pillow-11.3.0-cp314-cp314-manylinux_2_27_x86_64.manylinux_2_28_x86_64.whl", hash = "sha256:93efb0b4de7e340d99057415c749175e24c8864302369e05914682ba642e5d77"},
    {file = "pillow-11.3.0-cp314-cp314-musllinux_1_2_aarch64.whl", hash = "sha256:7966e38dcd0fa11ca390aed7c6f20454443581d758242023cf36fcb319b1a874"},
    {file = "pillow-11.3.0-cp314-cp314-musllinux_1_2_x86_64.whl", hash = "sha256:98a9afa7b9007c67ed84c57c9e0ad86a6000da96eaa638e4f8abe5b65ff83f0a"},
    {file = "pillow-11.3.0-cp314-cp314-win32.whl", hash = "sha256:02a723e6bf909e7cea0dac1b0e0310be9d7650cd66222a5f1c571455c0a45214"},
    {file = "pillow-11.3.0-cp314-cp314-win_amd64.whl", hash = "sha256:a418486160228f64dd9e9efcd132679b7a02a5f22c982c78b6fc7dab3fefb635"},
    {file = "pillow-11.3.0-cp314-cp314-win_arm64.whl", hash = "sha256:155658efb5e044669c08896c0c44231c5e9abcaadbc5cd3648df2f7c0b96b9a6"},
    {file = "pillow-11.3.0-cp314-cp314t-macosx_10_13_x86_64.whl", hash = "sha256:59a03cdf019efbfeeed910bf79c7c93255c3d54bc45898ac2a4140071b02b4ae"},
    {file = "pillow-11.3.0-cp314-cp314t-macosx_11_0_arm64.whl", hash = "sha256:f8a5827f84d973d8636e9dc5764af4f0cf2318d26744b3d902931701b0d46653"},
    {file = "pillow-11.3.0-cp314-cp314t-manylinux2014_aarch64.manylinux_2_17_aarch64.whl", hash = "sha256:ee92f2fd10f4adc4b43d07ec5e779932b4eb3dbfbc34790ada5a6669bc095aa6"},
    {file = "pillow-11.3.0-cp314-cp314t-manylinux2014_x86_64.manylinux_2_17_x86_64.whl", hash = "sha256:c96d333dcf42d01f47b37e0979b6bd73ec91eae18614864622d9b87bbd5bbf36"},
    {file = "pillow-11.3.0-cp314-cp314t-manylinux_2_27_aarch64.manylinux_2_28_aarch64.whl", hash = "sha256:4c96f993ab8c98460cd0c001447bff6194403e8b1d7e149ade5f00594918128b"},
    {file = "pillow-11.3.0-cp314-cp314t-manylinux_2_27_x86_64.manylinux_2_28_x86_64.whl", hash = "sha256:41342b64afeba938edb034d122b2dda5db2139b9a4af999729ba8818e0056477"},
    {file = "pillow-11.3.0-cp314-cp314t-musllinux_1_2_aarch64.whl", hash = "sha256:068d9c39a2d1b358eb9f245ce7ab1b5c3246c7c8c7d9ba58cfa5b43146c06e50"},
    {file = "pillow-11.3.0-cp314-cp314t-musllinux_1_2_x86_64.whl", hash = "sha256:a1bc6ba083b145187f648b667e05a2534ecc4b9f2784c2cbe3089e44868f2b9b"},
    {file = "pillow-11.3.0-cp314-cp314t-win32.whl", hash = "sha256:118ca10c0d60b06d006be10a501fd6bbdfef559251ed31b794668ed569c87e12"},
    {file = "pillow-11.3.0-cp314-cp314t-win_amd64.whl", hash = "sha256:8924748b688aa210d79883357d102cd64690e56b923a186f35a82cbc10f997db"},
    {file = "pillow-11.3.0-cp314-cp314t-win_arm64.whl", hash = "sha256:79ea0d14d3ebad43ec77ad5272e6ff9bba5b679ef73375ea760261207fa8e0aa"},
    {file = "pillow-11.3.0-cp39-cp39-macosx_10_10_x86_64.whl", hash = "sha256:48d254f8a4c776de343051023eb61ffe818299eeac478da55227d96e241de53f"},
    {file = "pillow-11.3.0-cp39-cp39-macosx_11_0_arm64.whl", hash = "sha256:7aee118e30a4cf54fdd873bd3a29de51e29105ab11f9aad8c32123f58c8f8081"},
    {file = "pillow-11.3.0-cp39-cp39-manylinux2014_aarch64.manylinux_2_17_aarch64.whl", hash = "sha256:23cff760a9049c502721bdb743a7cb3e03365fafcdfc2ef9784610714166e5a4"},
    {file = "pillow-11.3.0-cp39-cp39-manylinux2014_x86_64.manylinux_2_17_x86_64.whl", hash = "sha256:6359a3bc43f57d5b375d1ad54a0074318a0844d11b76abccf478c37c986d3cfc"},
    {file = "pillow-11.3.0-cp39-cp39-manylinux_2_27_aarch64.manylinux_2_28_aarch64.whl", hash = "sha256:092c80c76635f5ecb10f3f83d76716165c96f5229addbd1ec2bdbbda7d496e06"},
    {file = "pillow-11.3.0-cp39-cp39-manylinux_2_27_x86_64.manylinux_2_28_x86_64.whl", hash = "sha256:cadc9e0ea0a2431124cde7e1697106471fc4c1da01530e679b2391c37d3fbb3a"},
    {file = "pillow-11.3.0-cp39-cp39-musllinux_1_2_aarch64.whl", hash = "sha256:6a418691000f2a418c9135a7cf0d797c1bb7d9a485e61fe8e7722845b95ef978"},
    {file = "pillow-11.3.0-cp39-cp39-musllinux_1_2_x86_64.whl", hash = "sha256:97afb3a00b65cc0804d1c7abddbf090a81eaac02768af58cbdcaaa0a931e0b6d"},
    {file = "pillow-11.3.0-cp39-cp39-win32.whl", hash = "sha256:ea944117a7974ae78059fcc1800e5d3295172bb97035c0c1d9345fca1419da71"},
    {file = "pillow-11.3.0-cp39-cp39-win_amd64.whl", hash = "sha256:e5c5858ad8ec655450a7c7df532e9842cf8df7cc349df7225c60d5d348c8aada"},
    {file = "pillow-11.3.0-cp39-cp39-win_arm64.whl", hash = "sha256:6abdbfd3aea42be05702a8dd98832329c167ee84400a1d1f61ab11437f1717eb"},
    {file = "pillow-11.3.0-pp310-pypy310_pp73-macosx_10_15_x86_64.whl", hash = "sha256:3cee80663f29e3843b68199b9d6f4f54bd1d4a6b59bdd91bceefc51238bcb967"},
    {file = "pillow-11.3.0-pp310-pypy310_pp73-macosx_11_0_arm64.whl", hash = "sha256:b5f56c3f344f2ccaf0dd875d3e180f631dc60a51b314295a3e681fe8cf851fbe"},
    {file = "pillow-11.3.0-pp310-pypy310_pp73-manylinux2014_aarch64.manylinux_2_17_aarch64.whl", hash = "sha256:e67d793d180c9df62f1f40aee3accca4829d3794c95098887edc18af4b8b780c"},
    {file = "pillow-11.3.0-pp310-pypy310_pp73-manylinux2014_x86_64.manylinux_2_17_x86_64.whl", hash = "sha256:d000f46e2917c705e9fb93a3606ee4a819d1e3aa7a9b442f6444f07e77cf5e25"},
    {file = "pillow-11.3.0-pp310-pypy310_pp73-manylinux_2_27_aarch64.manylinux_2_28_aarch64.whl", hash = "sha256:527b37216b6ac3a12d7838dc3bd75208ec57c1c6d11ef01902266a5a0c14fc27"},
    {file = "pillow-11.3.0-pp310-pypy310_pp73-manylinux_2_27_x86_64.manylinux_2_28_x86_64.whl", hash = "sha256:be5463ac478b623b9dd3937afd7fb7ab3d79dd290a28e2b6df292dc75063eb8a"},
    {file = "pillow-11.3.0-pp310-pypy310_pp73-win_amd64.whl", hash = "sha256:8dc70ca24c110503e16918a658b869019126ecfe03109b754c402daff12b3d9f"},
    {file = "pillow-11.3.0-pp311-pypy311_pp73-macosx_10_15_x86_64.whl", hash = "sha256:7c8ec7a017ad1bd562f93dbd8505763e688d388cde6e4a010ae1486916e713e6"},
    {file = "pillow-11.3.0-pp311-pypy311_pp73-macosx_11_0_arm64.whl", hash = "sha256:9ab6ae226de48019caa8074894544af5b53a117ccb9d3b3dcb2871464c829438"},
    {file = "pillow-11.3.0-pp311-pypy311_pp73-manylinux2014_aarch64.manylinux_2_17_aarch64.whl", hash = "sha256:fe27fb049cdcca11f11a7bfda64043c37b30e6b91f10cb5bab275806c32f6ab3"},
    {file = "pillow-11.3.0-pp311-pypy311_pp73-manylinux2014_x86_64.manylinux_2_17_x86_64.whl", hash = "sha256:465b9e8844e3c3519a983d58b80be3f668e2a7a5db97f2784e7079fbc9f9822c"},
    {file = "pillow-11.3.0-pp311-pypy311_pp73-manylinux_2_27_aarch64.manylinux_2_28_aarch64.whl", hash = "sha256:5418b53c0d59b3824d05e029669efa023bbef0f3e92e75ec8428f3799487f361"},
    {file = "pillow-11.3.0-pp311-pypy311_pp73-manylinux_2_27_x86_64.manylinux_2_28_x86_64.whl", hash = "sha256:504b6f59505f08ae014f724b6207ff6222662aab5cc9542577fb084ed0676ac7"},
    {file = "pillow-11.3.0-pp311-pypy311_pp73-win_amd64.whl", hash = "sha256:c84d689db21a1c397d001aa08241044aa2069e7587b398c8cc63020390b1c1b8"},
    {file = "pillow-11.3.0.tar.gz", hash = "sha256:3828ee7586cd0b2091b6209e5ad53e20d0649bbe87164a459d0676e035e8f523"},
]

[package.extras]
docs = ["furo", "olefile", "sphinx (>=8.2)", "sphinx-autobuild", "sphinx-copybutton", "sphinx-inline-tabs", "sphinxext-opengraph"]
fpx = ["olefile"]
mic = ["olefile"]
test-arrow = ["pyarrow"]
tests = ["check-manifest", "coverage (>=7.4.2)", "defusedxml", "markdown2", "olefile", "packaging", "pyroma", "pytest", "pytest-cov", "pytest-timeout", "pytest-xdist", "trove-classifiers (>=2024.10.12)"]
typing = ["typing-extensions"]
xmp = ["defusedxml"]

[metadata]
lock-version = "2.0"
python-versions = "^3.9"
content-hash = "4b66df9e7615077f0b8ada91f1c362196e1e094a5affa00d86b00c6d4038283b"
